
Microsoft Visual Studio Solution File, Format Version 12.00
# Visual Studio Version 16
VisualStudioVersion = 16.0.30104.148
MinimumVisualStudioVersion = 10.0.40219.1
Project("{FAE04EC0-301F-11D3-BF4B-00C04F79EFBC}") = "wTF", "wTF\wTF.csproj", "{AEE3F741-B7FA-4D7D-B9B9-059DABE08BB8}"
EndProject
Global
	GlobalSection(SolutionConfigurationPlatforms) = preSolution
		Debug|Any CPU = Debug|Any CPU
		Release|Any CPU = Release|Any CPU
	EndGlobalSection
	GlobalSection(ProjectConfigurationPlatforms) = postSolution
		{AEE3F741-B7FA-4D7D-B9B9-059DABE08BB8}.Debug|Any CPU.ActiveCfg = Debug|Any CPU
		{AEE3F741-B7FA-4D7D-B9B9-059DABE08BB8}.Debug|Any CPU.Build.0 = Debug|Any CPU
		{AEE3F741-B7FA-4D7D-B9B9-059DABE08BB8}.Release|Any CPU.ActiveCfg = Release|Any CPU
		{AEE3F741-B7FA-4D7D-B9B9-059DABE08BB8}.Release|Any CPU.Build.0 = Release|Any CPU
	EndGlobalSection
	GlobalSection(SolutionProperties) = preSolution
		HideSolutionNode = FALSE
	EndGlobalSection
	GlobalSection(ExtensibilityGlobals) = postSolution
		SolutionGuid = {09B3B135-2054-4971-9F3B-51B4D5BEF912}
	EndGlobalSection
EndGlobal
